
Microsoft Visual Studio Solution File, Format Version 12.00
# Visual Studio Version 17
VisualStudioVersion = 17.7.34031.279
MinimumVisualStudioVersion = 10.0.40219.1
Project("{FAE04EC0-301F-11D3-BF4B-00C04F79EFBC}") = "APIConsume", "APIConsume\APIConsume.csproj", "{3435A52D-4697-45F1-9B08-09345E2A83CC}"
EndProject
Global
	GlobalSection(SolutionConfigurationPlatforms) = preSolution
		Debug|Any CPU = Debug|Any CPU
		Release|Any CPU = Release|Any CPU
	EndGlobalSection
	GlobalSection(ProjectConfigurationPlatforms) = postSolution
		{3435A52D-4697-45F1-9B08-09345E2A83CC}.Debug|Any CPU.ActiveCfg = Debug|Any CPU
		{3435A52D-4697-45F1-9B08-09345E2A83CC}.Debug|Any CPU.Build.0 = Debug|Any CPU
		{3435A52D-4697-45F1-9B08-09345E2A83CC}.Release|Any CPU.ActiveCfg = Release|Any CPU
		{3435A52D-4697-45F1-9B08-09345E2A83CC}.Release|Any CPU.Build.0 = Release|Any CPU
	EndGlobalSection
	GlobalSection(SolutionProperties) = preSolution
		HideSolutionNode = FALSE
	EndGlobalSection
	GlobalSection(ExtensibilityGlobals) = postSolution
		SolutionGuid = {2898E354-3520-40BF-B4AE-72DDB2B5ECE7}
	EndGlobalSection
EndGlobal
